lockfileVersion: '9.0'

settings:
  autoInstallPeers: true
  excludeLinksFromLockfile: false

importers:

  .:
    dependencies:
      dotenv:
        specifier: ^16.5.0
        version: 16.5.0
    devDependencies:
      '@playwright/test':
        specifier: ^1.53.0
        version: 1.53.0
      '@types/node':
        specifier: ^24.0.1
        version: 24.0.1
      cross-env:
        specifier: ^7.0.3
        version: 7.0.3

packages:

  '@playwright/test@1.53.0':
    resolution: {integrity: sha512-15hjKreZDcp7t6TL/7jkAo6Df5STZN09jGiv5dbP9A6vMVncXRqE7/B2SncsyOwrkZRBH2i6/TPOL8BVmm3c7w==}
    engines: {node: '>=18'}
    hasBin: true

  '@types/node@24.0.1':
    resolution: {integrity: sha512-MX4Zioh39chHlDJbKmEgydJDS3tspMP/lnQC67G3SWsTnb9NeYVWOjkxpOSy4oMfPs4StcWHwBrvUb4ybfnuaw==}

  cross-env@7.0.3:
    resolution: {integrity: sha512-+/HKd6EgcQCJGh2PSjZuUitQBQynKor4wrFbRg4DtAgS1aWO+gU52xpH7M9ScGgXSYmAVS9bIJ8EzuaGw0oNAw==}
    engines: {node: '>=10.14', npm: '>=6', yarn: '>=1'}
    hasBin: true

  cross-spawn@7.0.6:
    resolution: {integrity: sha512-uV2QOWP2nWzsy2aMp8aRibhi9dlzF5Hgh5SHaB9OiTGEyDTiJJyx0uy51QXdyWbtAHNua4XJzUKca3OzKUd3vA==}
    engines: {node: '>= 8'}

  dotenv@16.5.0:
    resolution: {integrity: sha512-m/C+AwOAr9/W1UOIZUo232ejMNnJAJtYQjUbHoNTBNTJSvqzzDh7vnrei3o3r3m9blf6ZoDkvcw0VmozNRFJxg==}
    engines: {node: '>=12'}

  fsevents@2.3.2:
    resolution: {integrity: sha512-xiqMQR4xAeHTuB9uWm+fFRcIOgKBMiOBP+eXiyT7jsgVCq1bkVygt00oASowB7EdtpOHaaPgKt812P9ab+DDKA==}
    engines: {node: ^8.16.0 || ^10.6.0 || >=11.0.0}
    os: [darwin]

  isexe@2.0.0:
    resolution: {integrity: sha512-RHxMLp9lnKHGHRng9QFhRCMbYAcVpn69smSGcq3f36xjgVVWThj4qqLbTLlq7Ssj8B+fIQ1EuCEGI2lKsyQeIw==}

  path-key@3.1.1:
    resolution: {integrity: sha512-ojmeN0qd+y0jszEtoY48r0Peq5dwMEkIlCOu6Q5f41lfkswXuKtYrhgoTpLnyIcHm24Uhqx+5Tqm2InSwLhE6Q==}
    engines: {node: '>=8'}

  playwright-core@1.53.0:
    resolution: {integrity: sha512-mGLg8m0pm4+mmtB7M89Xw/GSqoNC+twivl8ITteqvAndachozYe2ZA7srU6uleV1vEdAHYqjq+SV8SNxRRFYBw==}
    engines: {node: '>=18'}
    hasBin: true

  playwright@1.53.0:
    resolution: {integrity: sha512-ghGNnIEYZC4E+YtclRn4/p6oYbdPiASELBIYkBXfaTVKreQUYbMUYQDwS12a8F0/HtIjr/CkGjtwABeFPGcS4Q==}
    engines: {node: '>=18'}
    hasBin: true

  shebang-command@2.0.0:
    resolution: {integrity: sha512-kHxr2zZpYtdmrN1qDjrrX/Z1rR1kG8Dx+gkpK1G4eXmvXswmcE1hTWBWYUzlraYw1/yZp6YuDY77YtvbN0dmDA==}
    engines: {node: '>=8'}

  shebang-regex@3.0.0:
    resolution: {integrity: sha512-7++dFhtcx3353uBaq8DDR4NuxBetBzC7ZQOhmTQInHEd6bSrXdiEyzCvG07Z44UYdLShWUyXt5M/yhz8ekcb1A==}
    engines: {node: '>=8'}

  undici-types@7.8.0:
    resolution: {integrity: sha512-9UJ2xGDvQ43tYyVMpuHlsgApydB8ZKfVYTsLDhXkFL/6gfkp+U8xTGdh8pMJv1SpZna0zxG1DwsKZsreLbXBxw==}

  which@2.0.2:
    resolution: {integrity: sha512-BLI3Tl1TW3Pvl70l3yq3Y64i+awpwXqsGBYWkkqMtnbXgrMD+yj7rhW0kuEDxzJaYXGjEW5ogapKNMEKNMjibA==}
    engines: {node: '>= 8'}
    hasBin: true

snapshots:

  '@playwright/test@1.53.0':
    dependencies:
      playwright: 1.53.0

  '@types/node@24.0.1':
    dependencies:
      undici-types: 7.8.0

  cross-env@7.0.3:
    dependencies:
      cross-spawn: 7.0.6

  cross-spawn@7.0.6:
    dependencies:
      path-key: 3.1.1
      shebang-command: 2.0.0
      which: 2.0.2

  dotenv@16.5.0: {}

  fsevents@2.3.2:
    optional: true

  isexe@2.0.0: {}

  path-key@3.1.1: {}

  playwright-core@1.53.0: {}

  playwright@1.53.0:
    dependencies:
      playwright-core: 1.53.0
    optionalDependencies:
      fsevents: 2.3.2

  shebang-command@2.0.0:
    dependencies:
      shebang-regex: 3.0.0

  shebang-regex@3.0.0: {}

  undici-types@7.8.0: {}

  which@2.0.2:
    dependencies:
      isexe: 2.0.0
